
Microsoft Visual Studio Solution File, Format Version 12.00
# Visual Studio Version 17
VisualStudioVersion = 17.8.34525.116
MinimumVisualStudioVersion = 10.0.40219.1
Project("{FAE04EC0-301F-11D3-BF4B-00C04F79EFBC}") = "Semana4_Desafio3", "Semana4_Desafio3\Semana4_Desafio3.csproj", "{B133CDB9-B1C5-4C48-978E-80892279473B}"
EndProject
Global
	GlobalSection(SolutionConfigurationPlatforms) = preSolution
		Debug|Any CPU = Debug|Any CPU
		Release|Any CPU = Release|Any CPU
	EndGlobalSection
	GlobalSection(ProjectConfigurationPlatforms) = postSolution
		{B133CDB9-B1C5-4C48-978E-80892279473B}.Debug|Any CPU.ActiveCfg = Debug|Any CPU
		{B133CDB9-B1C5-4C48-978E-80892279473B}.Debug|Any CPU.Build.0 = Debug|Any CPU
		{B133CDB9-B1C5-4C48-978E-80892279473B}.Release|Any CPU.ActiveCfg = Release|Any CPU
		{B133CDB9-B1C5-4C48-978E-80892279473B}.Release|Any CPU.Build.0 = Release|Any CPU
	EndGlobalSection
	GlobalSection(SolutionProperties) = preSolution
		HideSolutionNode = FALSE
	EndGlobalSection
	GlobalSection(ExtensibilityGlobals) = postSolution
		SolutionGuid = {01FD411B-CECC-4CD4-9320-B418DD1BBD8B}
	EndGlobalSection
EndGlobal
